
Microsoft Visual Studio Solution File, Format Version 12.00
# Visual Studio Version 16
VisualStudioVersion = 16.0.28803.352
MinimumVisualStudioVersion = 10.0.40219.1
Project("{9A19103F-16F7-4668-BE54-9A1E7A4F7556}") = "XUnitTestProject1", "XUnitTestProject1\XUnitTestProject1.csproj", "{8C716980-CC7D-4C96-9603-2F19CEC47A15}"
EndProject
Project("{FAE04EC0-301F-11D3-BF4B-00C04F79EFBC}") = "AppiumTesting", "AppiumTesting\AppiumTesting.csproj", "{ED06847E-36D4-4605-A70D-0C722F5C118A}"
EndProject
Global
	GlobalSection(SolutionConfigurationPlatforms) = preSolution
		Debug|Any CPU = Debug|Any CPU
		Release|Any CPU = Release|Any CPU
	EndGlobalSection
	GlobalSection(ProjectConfigurationPlatforms) = postSolution
		{8C716980-CC7D-4C96-9603-2F19CEC47A15}.Debug|Any CPU.ActiveCfg = Debug|Any CPU
		{8C716980-CC7D-4C96-9603-2F19CEC47A15}.Debug|Any CPU.Build.0 = Debug|Any CPU
		{8C716980-CC7D-4C96-9603-2F19CEC47A15}.Release|Any CPU.ActiveCfg = Release|Any CPU
		{8C716980-CC7D-4C96-9603-2F19CEC47A15}.Release|Any CPU.Build.0 = Release|Any CPU
		{ED06847E-36D4-4605-A70D-0C722F5C118A}.Debug|Any CPU.ActiveCfg = Debug|Any CPU
		{ED06847E-36D4-4605-A70D-0C722F5C118A}.Debug|Any CPU.Build.0 = Debug|Any CPU
		{ED06847E-36D4-4605-A70D-0C722F5C118A}.Release|Any CPU.ActiveCfg = Release|Any CPU
		{ED06847E-36D4-4605-A70D-0C722F5C118A}.Release|Any CPU.Build.0 = Release|Any CPU
	EndGlobalSection
	GlobalSection(SolutionProperties) = preSolution
		HideSolutionNode = FALSE
	EndGlobalSection
	GlobalSection(ExtensibilityGlobals) = postSolution
		SolutionGuid = {58CCC55C-3B48-402D-85F6-EE2BB8990CB4}
	EndGlobalSection
EndGlobal
